
Microsoft Visual Studio Solution File, Format Version 12.00
# Visual Studio Version 16
VisualStudioVersion = 16.0.31729.503
MinimumVisualStudioVersion = 10.0.40219.1
Project("{FAE04EC0-301F-11D3-BF4B-00C04F79EFBC}") = "DemoIdentityT2012EManual", "DemoIdentityT2012EManual\DemoIdentityT2012EManual.csproj", "{086433EE-DE92-4C59-9161-0210A445045A}"
EndProject
Global
	GlobalSection(SolutionConfigurationPlatforms) = preSolution
		Debug|Any CPU = Debug|Any CPU
		Release|Any CPU = Release|Any CPU
	EndGlobalSection
	GlobalSection(ProjectConfigurationPlatforms) = postSolution
		{086433EE-DE92-4C59-9161-0210A445045A}.Debug|Any CPU.ActiveCfg = Debug|Any CPU
		{086433EE-DE92-4C59-9161-0210A445045A}.Debug|Any CPU.Build.0 = Debug|Any CPU
		{086433EE-DE92-4C59-9161-0210A445045A}.Release|Any CPU.ActiveCfg = Release|Any CPU
		{086433EE-DE92-4C59-9161-0210A445045A}.Release|Any CPU.Build.0 = Release|Any CPU
	EndGlobalSection
	GlobalSection(SolutionProperties) = preSolution
		HideSolutionNode = FALSE
	EndGlobalSection
	GlobalSection(ExtensibilityGlobals) = postSolution
		SolutionGuid = {BFA6603B-B7D4-40D2-9D92-3E2182E87EDC}
	EndGlobalSection
EndGlobal
